{
  "name": "seeds-light-wallet-notifications",
  "version": "1.0.0",
  "lockfileVersion": 3,
  "requires": true,
  "packages": {
    "": {
      "name": "seeds-light-wallet-notifications",
      "version": "1.0.0",
      "license": "ISC",
      "dependencies": {
        "@substreams/core": "^0.16.0",
        "@substreams/manifest": "^0.15.0",
        "@substreams/node": "^0.6.2",
        "dotenv": "^16.4.5"
      }
    },
    "node_modules/@bufbuild/buf": {
      "version": "1.40.1",
      "resolved": "https://registry.npmjs.org/@bufbuild/buf/-/buf-1.40.1.tgz",
      "integrity": "sha512-rtsML4qejJ453Z81+4jlKvQxGHrXPP7g5OflQME3lgss4L2+fdeyVkb1mieOMHnhqYpVqOAus926IvYgBgzCiw==",
      "hasInstallScript": true,
      "peer": true,
      "bin": {
        "buf": "bin/buf",
        "protoc-gen-buf-breaking": "bin/protoc-gen-buf-breaking",
        "protoc-gen-buf-lint": "bin/protoc-gen-buf-lint"
      },
      "engines": {
        "node": ">=12"
      },
      "optionalDependencies": {
        "@bufbuild/buf-darwin-arm64": "1.40.1",
        "@bufbuild/buf-darwin-x64": "1.40.1",
        "@bufbuild/buf-linux-aarch64": "1.40.1",
        "@bufbuild/buf-linux-x64": "1.40.1",
        "@bufbuild/buf-win32-arm64": "1.40.1",
        "@bufbuild/buf-win32-x64": "1.40.1"
      }
    },
    "node_modules/@bufbuild/buf-darwin-arm64": {
      "version": "1.40.1",
      "resolved": "https://registry.npmjs.org/@bufbuild/buf-darwin-arm64/-/buf-darwin-arm64-1.40.1.tgz",
      "integrity": "sha512-MGhSRT81Ham0D88/wE2Fox5RJk/vtVj42HoviMqKd0Iw7oGa/FyOmLdoBWdsZD9GRARBouCs7NmHOiiL3k84NQ==",
      "cpu": [
        "arm64"
      ],
      "optional": true,
      "os": [
        "darwin"
      ],
      "peer": true,
      "engines": {
        "node": ">=12"
      }
    },
    "node_modules/@bufbuild/buf-darwin-x64": {
      "version": "1.40.1",
      "resolved": "https://registry.npmjs.org/@bufbuild/buf-darwin-x64/-/buf-darwin-x64-1.40.1.tgz",
      "integrity": "sha512-a4sveftVTfNEaF2QjsvJhrpvxoMpv9jRf2Lxr5s2az9q4pdIfiHG1JvRrPBIl/uvxSspMm5bd2cGrXTxKBsHxA==",
      "cpu": [
        "x64"
      ],
      "optional": true,
      "os": [
        "darwin"
      ],
      "peer": true,
      "engines": {
        "node": ">=12"
      }
    },
    "node_modules/@bufbuild/buf-linux-aarch64": {
      "version": "1.40.1",
      "resolved": "https://registry.npmjs.org/@bufbuild/buf-linux-aarch64/-/buf-linux-aarch64-1.40.1.tgz",
      "integrity": "sha512-107W29/07TDb4AVa3TmvUEJWqIKU4HvDPQAX9LG78P0D013O/jXDRGchn/r8suass0sjP2rQdlVn6c9aXpjEcw==",
      "cpu": [
        "arm64"
      ],
      "optional": true,
      "os": [
        "linux"
      ],
      "peer": true,
      "engines": {
        "node": ">=12"
      }
    },
    "node_modules/@bufbuild/buf-linux-x64": {
      "version": "1.40.1",
      "resolved": "https://registry.npmjs.org/@bufbuild/buf-linux-x64/-/buf-linux-x64-1.40.1.tgz",
      "integrity": "sha512-1HrDslgIySGdvAXDpkaaoqDfulQ81AEa4iO8KdCNe6psI0li1h7PJgY2+7mqnW3wDD0T0XL0NBOdjEZ6fvctgQ==",
      "cpu": [
        "x64"
      ],
      "optional": true,
      "os": [
        "linux"
      ],
      "peer": true,
      "engines": {
        "node": ">=12"
      }
    },
    "node_modules/@bufbuild/buf-win32-arm64": {
      "version": "1.40.1",
      "resolved": "https://registry.npmjs.org/@bufbuild/buf-win32-arm64/-/buf-win32-arm64-1.40.1.tgz",
      "integrity": "sha512-CLosmHJoB1mp5EGV/Ldzg111woWbrQ+wA98Wq+GI7je/eiWACVIQp6fT5j8Ksyfuv6NCX2SwVjTqR3iiMgX/nA==",
      "cpu": [
        "arm64"
      ],
      "optional": true,
      "os": [
        "win32"
      ],
      "peer": true,
      "engines": {
        "node": ">=12"
      }
    },
    "node_modules/@bufbuild/buf-win32-x64": {
      "version": "1.40.1",
      "resolved": "https://registry.npmjs.org/@bufbuild/buf-win32-x64/-/buf-win32-x64-1.40.1.tgz",
      "integrity": "sha512-ioSLtqP4U8nbh+4HhV4K0mSN7HNcNulMq9ZZ+yhGzrBS+T9+W+e45jnOyhWjN5WN/A6+sqTeSDJ5Q32PM+OyNg==",
      "cpu": [
        "x64"
      ],
      "optional": true,
      "os": [
        "win32"
      ],
      "peer": true,
      "engines": {
        "node": ">=12"
      }
    },
    "node_modules/@bufbuild/protobuf": {
      "version": "1.10.0",
      "resolved": "https://registry.npmjs.org/@bufbuild/protobuf/-/protobuf-1.10.0.tgz",
      "integrity": "sha512-QDdVFLoN93Zjg36NoQPZfsVH9tZew7wKDKyV5qRdj8ntT4wQCOradQjRaTdwMhWUYsgKsvCINKKm87FdEk96Ag=="
    },
    "node_modules/@connectrpc/connect": {
      "version": "1.4.0",
      "resolved": "https://registry.npmjs.org/@connectrpc/connect/-/connect-1.4.0.tgz",
      "integrity": "sha512-vZeOkKaAjyV4+RH3+rJZIfDFJAfr+7fyYr6sLDKbYX3uuTVszhFe9/YKf5DNqrDb5cKdKVlYkGn6DTDqMitAnA==",
      "peerDependencies": {
        "@bufbuild/protobuf": "^1.4.2"
      }
    },
    "node_modules/@connectrpc/connect-node": {
      "version": "1.4.0",
      "resolved": "https://registry.npmjs.org/@connectrpc/connect-node/-/connect-node-1.4.0.tgz",
      "integrity": "sha512-0ANnrr6SvsjevsWEgdzHy7BaHkluZyS6s4xNoVt7RBHFR5V/kT9lPokoIbYUOU9JHzdRgTaS3x5595mwUsu15g==",
      "dependencies": {
        "undici": "^5.28.3"
      },
      "engines": {
        "node": ">=16.0.0"
      },
      "peerDependencies": {
        "@bufbuild/protobuf": "^1.4.2",
        "@connectrpc/connect": "1.4.0"
      }
    },
    "node_modules/@connectrpc/connect-web": {
      "version": "1.4.0",
      "resolved": "https://registry.npmjs.org/@connectrpc/connect-web/-/connect-web-1.4.0.tgz",
      "integrity": "sha512-13aO4psFbbm7rdOFGV0De2Za64DY/acMspgloDlcOKzLPPs0yZkhp1OOzAQeiAIr7BM/VOHIA3p8mF0inxCYTA==",
      "peerDependencies": {
        "@bufbuild/protobuf": "^1.4.2",
        "@connectrpc/connect": "1.4.0"
      }
    },
    "node_modules/@effect/schema": {
      "version": "0.63.4",
      "resolved": "https://registry.npmjs.org/@effect/schema/-/schema-0.63.4.tgz",
      "integrity": "sha512-59b7N0XntkfivwhTSutyP13t1utlbJ9wDWDwEdAivNPpXBfpUlAWnZw7MAi86qI8J1LVz3ZDlz5p0pkDSu7p9g==",
      "peer": true,
      "peerDependencies": {
        "effect": "^2.4.3",
        "fast-check": "^3.13.2"
      }
    },
    "node_modules/@fastify/busboy": {
      "version": "2.1.1",
      "resolved": "https://registry.npmjs.org/@fastify/busboy/-/busboy-2.1.1.tgz",
      "integrity": "sha512-vBZP4NlzfOlerQTnba4aqZoMhE/a9HY7HRqoOPaETQcSQuWEIyZMHGfVu6w9wGtGK5fED5qRs2DteVCjOH60sA==",
      "engines": {
        "node": ">=14"
      }
    },
    "node_modules/@substreams/core": {
      "version": "0.16.0",
      "resolved": "https://registry.npmjs.org/@substreams/core/-/core-0.16.0.tgz",
      "integrity": "sha512-1HDFEZvH5EkHFykBfekqBtm3YKFWIMMHQaSa1T+Z8u4wcn8DIaiVOywvBtVmBT6R2pBaqbz4j14ndXN6r+IV6Q==",
      "peerDependencies": {
        "@bufbuild/protobuf": "^1.7.2",
        "@connectrpc/connect": "^1.3.0"
      }
    },
    "node_modules/@substreams/manifest": {
      "version": "0.15.0",
      "resolved": "https://registry.npmjs.org/@substreams/manifest/-/manifest-0.15.0.tgz",
      "integrity": "sha512-/U8QeOT4NyXcylHQWNnIX/e1Zh9ZBY+KqB8QXuGw5ftlawC0lDrG/2MljR0X7QWw8lhpFIGHw8Th4OolFwkaNA==",
      "dependencies": {
        "@substreams/core": "0.16.0"
      },
      "peerDependencies": {
        "@bufbuild/buf": "^1.29.0",
        "@bufbuild/protobuf": "^1.7.2",
        "@effect/schema": "^0.63.0",
        "effect": "^2.4.0",
        "yaml": "^2.4.0"
      }
    },
    "node_modules/@substreams/node": {
      "version": "0.6.2",
      "resolved": "https://registry.npmjs.org/@substreams/node/-/node-0.6.2.tgz",
      "integrity": "sha512-as/LbCOy4YM9UGFZ4eIfNJircDPnm2BYUCk4Fc1U6SakLGBG1Glbnc6c63PIxxonO2zpxu1yYPLu/BXdFCjXWQ==",
      "dependencies": {
        "@bufbuild/protobuf": "latest",
        "@connectrpc/connect": "latest",
        "@connectrpc/connect-node": "latest",
        "@connectrpc/connect-web": "latest",
        "@substreams/core": "latest",
        "eventemitter3": "latest"
      },
      "engines": {
        "node": ">=18"
      }
    },
    "node_modules/dotenv": {
      "version": "16.4.5",
      "resolved": "https://registry.npmjs.org/dotenv/-/dotenv-16.4.5.tgz",
      "integrity": "sha512-ZmdL2rui+eB2YwhsWzjInR8LldtZHGDoQ1ugH85ppHKwpUHL7j7rN0Ti9NCnGiQbhaZ11FpR+7ao1dNsmduNUg==",
      "engines": {
        "node": ">=12"
      },
      "funding": {
        "url": "https://dotenvx.com"
      }
    },
    "node_modules/effect": {
      "version": "2.4.19",
      "resolved": "https://registry.npmjs.org/effect/-/effect-2.4.19.tgz",
      "integrity": "sha512-z/rn878Po3n522g/AYUDHD1SsZaZdvRxlTCLQ8xl8H6xA82nBwwooD1mdn/73Uywmp7d84oay3w3528r0Uyd0w==",
      "peer": true
    },
    "node_modules/eventemitter3": {
      "version": "5.0.1",
      "resolved": "https://registry.npmjs.org/eventemitter3/-/eventemitter3-5.0.1.tgz",
      "integrity": "sha512-GWkBvjiSZK87ELrYOSESUYeVIc9mvLLf/nXalMOS5dYrgZq9o5OVkbZAVM06CVxYsCwH9BDZFPlQTlPA1j4ahA=="
    },
    "node_modules/fast-check": {
      "version": "3.22.0",
      "resolved": "https://registry.npmjs.org/fast-check/-/fast-check-3.22.0.tgz",
      "integrity": "sha512-8HKz3qXqnHYp/VCNn2qfjHdAdcI8zcSqOyX64GOMukp7SL2bfzfeDKjSd+UyECtejccaZv3LcvZTm9YDD22iCQ==",
      "funding": [
        {
          "type": "individual",
          "url": "https://github.com/sponsors/dubzzz"
        },
        {
          "type": "opencollective",
          "url": "https://opencollective.com/fast-check"
        }
      ],
      "peer": true,
      "dependencies": {
        "pure-rand": "^6.1.0"
      },
      "engines": {
        "node": ">=8.0.0"
      }
    },
    "node_modules/pure-rand": {
      "version": "6.1.0",
      "resolved": "https://registry.npmjs.org/pure-rand/-/pure-rand-6.1.0.tgz",
      "integrity": "sha512-bVWawvoZoBYpp6yIoQtQXHZjmz35RSVHnUOTefl8Vcjr8snTPY1wnpSPMWekcFwbxI6gtmT7rSYPFvz71ldiOA==",
      "funding": [
        {
          "type": "individual",
          "url": "https://github.com/sponsors/dubzzz"
        },
        {
          "type": "opencollective",
          "url": "https://opencollective.com/fast-check"
        }
      ],
      "peer": true
    },
    "node_modules/undici": {
      "version": "5.28.4",
      "resolved": "https://registry.npmjs.org/undici/-/undici-5.28.4.tgz",
      "integrity": "sha512-72RFADWFqKmUb2hmmvNODKL3p9hcB6Gt2DOQMis1SEBaV6a4MH8soBvzg+95CYhCKPFedut2JY9bMfrDl9D23g==",
      "dependencies": {
        "@fastify/busboy": "^2.0.0"
      },
      "engines": {
        "node": ">=14.0"
      }
    },
    "node_modules/yaml": {
      "version": "2.5.1",
      "resolved": "https://registry.npmjs.org/yaml/-/yaml-2.5.1.tgz",
      "integrity": "sha512-bLQOjaX/ADgQ20isPJRvF0iRUHIxVhYvr53Of7wGcWlO2jvtUlH5m87DsmulFVxRpNLOnI4tB6p/oh8D7kpn9Q==",
      "peer": true,
      "bin": {
        "yaml": "bin.mjs"
      },
      "engines": {
        "node": ">= 14"
      }
    }
  }
}
